
Microsoft Visual Studio Solution File, Format Version 12.00
# Visual Studio Version 17
VisualStudioVersion = 17.7.34024.191
MinimumVisualStudioVersion = 10.0.40219.1
Project("{FAE04EC0-301F-11D3-BF4B-00C04F79EFBC}") = "PhotoChartApp", "PhotoChartApp\PhotoChartApp.csproj", "{EE259638-B2B9-4372-A276-7FDE0ADEA793}"
EndProject
Project("{FAE04EC0-301F-11D3-BF4B-00C04F79EFBC}") = "StaffDatabaseDll", "StaffDatabaseDll\StaffDatabaseDll.csproj", "{31B6430D-94AE-4C53-80B6-D32778CE8D52}"
EndProject
Global
	GlobalSection(SolutionConfigurationPlatforms) = preSolution
		Debug|Any CPU = Debug|Any CPU
		Release|Any CPU = Release|Any CPU
	EndGlobalSection
	GlobalSection(ProjectConfigurationPlatforms) = postSolution
		{EE259638-B2B9-4372-A276-7FDE0ADEA793}.Debug|Any CPU.ActiveCfg = Debug|Any CPU
		{EE259638-B2B9-4372-A276-7FDE0ADEA793}.Debug|Any CPU.Build.0 = Debug|Any CPU
		{EE259638-B2B9-4372-A276-7FDE0ADEA793}.Release|Any CPU.ActiveCfg = Release|Any CPU
		{EE259638-B2B9-4372-A276-7FDE0ADEA793}.Release|Any CPU.Build.0 = Release|Any CPU
		{31B6430D-94AE-4C53-80B6-D32778CE8D52}.Debug|Any CPU.ActiveCfg = Debug|Any CPU
		{31B6430D-94AE-4C53-80B6-D32778CE8D52}.Debug|Any CPU.Build.0 = Debug|Any CPU
		{31B6430D-94AE-4C53-80B6-D32778CE8D52}.Release|Any CPU.ActiveCfg = Release|Any CPU
		{31B6430D-94AE-4C53-80B6-D32778CE8D52}.Release|Any CPU.Build.0 = Release|Any CPU
	EndGlobalSection
	GlobalSection(SolutionProperties) = preSolution
		HideSolutionNode = FALSE
	EndGlobalSection
	GlobalSection(ExtensibilityGlobals) = postSolution
		SolutionGuid = {79D0567E-16CB-4429-B755-43961C4F7C89}
	EndGlobalSection
EndGlobal
